
Microsoft Visual Studio Solution File, Format Version 12.00
# Visual Studio Version 16
VisualStudioVersion = 16.0.30907.101
MinimumVisualStudioVersion = 10.0.40219.1
Project("{FAE04EC0-301F-11D3-BF4B-00C04F79EFBC}") = "Chapter6_8", "Chapter6_8\Chapter6_8.csproj", "{00D07EB6-7447-482A-BA62-170C612B1310}"
EndProject
Global
	GlobalSection(SolutionConfigurationPlatforms) = preSolution
		Debug|Any CPU = Debug|Any CPU
		Release|Any CPU = Release|Any CPU
	EndGlobalSection
	GlobalSection(ProjectConfigurationPlatforms) = postSolution
		{00D07EB6-7447-482A-BA62-170C612B1310}.Debug|Any CPU.ActiveCfg = Debug|Any CPU
		{00D07EB6-7447-482A-BA62-170C612B1310}.Debug|Any CPU.Build.0 = Debug|Any CPU
		{00D07EB6-7447-482A-BA62-170C612B1310}.Release|Any CPU.ActiveCfg = Release|Any CPU
		{00D07EB6-7447-482A-BA62-170C612B1310}.Release|Any CPU.Build.0 = Release|Any CPU
	EndGlobalSection
	GlobalSection(SolutionProperties) = preSolution
		HideSolutionNode = FALSE
	EndGlobalSection
	GlobalSection(ExtensibilityGlobals) = postSolution
		SolutionGuid = {1AF26606-9DB2-4263-A4C6-75BE152C9AF4}
	EndGlobalSection
EndGlobal
