
Microsoft Visual Studio Solution File, Format Version 12.00
# Visual Studio Version 16
VisualStudioVersion = 16.0.30907.101
MinimumVisualStudioVersion = 10.0.40219.1
Project("{FAE04EC0-301F-11D3-BF4B-00C04F79EFBC}") = "Chapter6_2", "Chapter6_2\Chapter6_2.csproj", "{774D4652-C2AC-4736-A36E-F7572DA64FC0}"
EndProject
Global
	GlobalSection(SolutionConfigurationPlatforms) = preSolution
		Debug|Any CPU = Debug|Any CPU
		Release|Any CPU = Release|Any CPU
	EndGlobalSection
	GlobalSection(ProjectConfigurationPlatforms) = postSolution
		{774D4652-C2AC-4736-A36E-F7572DA64FC0}.Debug|Any CPU.ActiveCfg = Debug|Any CPU
		{774D4652-C2AC-4736-A36E-F7572DA64FC0}.Debug|Any CPU.Build.0 = Debug|Any CPU
		{774D4652-C2AC-4736-A36E-F7572DA64FC0}.Release|Any CPU.ActiveCfg = Release|Any CPU
		{774D4652-C2AC-4736-A36E-F7572DA64FC0}.Release|Any CPU.Build.0 = Release|Any CPU
	EndGlobalSection
	GlobalSection(SolutionProperties) = preSolution
		HideSolutionNode = FALSE
	EndGlobalSection
	GlobalSection(ExtensibilityGlobals) = postSolution
		SolutionGuid = {4ACDCAE6-32CD-4840-B74A-4F2F132C9347}
	EndGlobalSection
EndGlobal
